
Microsoft Visual Studio Solution File, Format Version 12.00
# Visual Studio Version 16
VisualStudioVersion = 16.0.31205.134
MinimumVisualStudioVersion = 10.0.40219.1
Project("{9A19103F-16F7-4668-BE54-9A1E7A4F7556}") = "PiPalindromesAndPrimes", "PiPalindromesAndPrimes\PiPalindromesAndPrimes.csproj", "{69CB7880-892B-4708-B82E-BA0CBF785079}"
EndProject
Project("{2150E333-8FDC-42A3-9474-1A3956D46DE8}") = "Solution Items", "Solution Items", "{7B57E7E0-CAA3-4049-9BAD-34ACE5BB706C}"
	ProjectSection(SolutionItems) = preProject
		.editorconfig = .editorconfig
		Directory.Build.props = Directory.Build.props
	EndProjectSection
EndProject
Project("{9A19103F-16F7-4668-BE54-9A1E7A4F7556}") = "PiPalindromesAndPrimes.Tests", "PiPalindromesAndPrimes.Tests\PiPalindromesAndPrimes.Tests.csproj", "{53EB54D9-5FA2-4B22-9784-34F6512707CD}"
EndProject
Project("{FAE04EC0-301F-11D3-BF4B-00C04F79EFBC}") = "PiPalindromesAndPrimes.Host", "PiPalindromesAndPrimes.Host\PiPalindromesAndPrimes.Host.csproj", "{B34D40DA-BF08-4EF3-ABAF-78D81B2B5C46}"
EndProject
Global
	GlobalSection(SolutionConfigurationPlatforms) = preSolution
		Debug|Any CPU = Debug|Any CPU
		Release|Any CPU = Release|Any CPU
	EndGlobalSection
	GlobalSection(ProjectConfigurationPlatforms) = postSolution
		{69CB7880-892B-4708-B82E-BA0CBF785079}.Debug|Any CPU.ActiveCfg = Debug|Any CPU
		{69CB7880-892B-4708-B82E-BA0CBF785079}.Debug|Any CPU.Build.0 = Debug|Any CPU
		{69CB7880-892B-4708-B82E-BA0CBF785079}.Release|Any CPU.ActiveCfg = Release|Any CPU
		{69CB7880-892B-4708-B82E-BA0CBF785079}.Release|Any CPU.Build.0 = Release|Any CPU
		{53EB54D9-5FA2-4B22-9784-34F6512707CD}.Debug|Any CPU.ActiveCfg = Debug|Any CPU
		{53EB54D9-5FA2-4B22-9784-34F6512707CD}.Debug|Any CPU.Build.0 = Debug|Any CPU
		{53EB54D9-5FA2-4B22-9784-34F6512707CD}.Release|Any CPU.ActiveCfg = Release|Any CPU
		{53EB54D9-5FA2-4B22-9784-34F6512707CD}.Release|Any CPU.Build.0 = Release|Any CPU
		{B34D40DA-BF08-4EF3-ABAF-78D81B2B5C46}.Debug|Any CPU.ActiveCfg = Debug|Any CPU
		{B34D40DA-BF08-4EF3-ABAF-78D81B2B5C46}.Debug|Any CPU.Build.0 = Debug|Any CPU
		{B34D40DA-BF08-4EF3-ABAF-78D81B2B5C46}.Release|Any CPU.ActiveCfg = Release|Any CPU
		{B34D40DA-BF08-4EF3-ABAF-78D81B2B5C46}.Release|Any CPU.Build.0 = Release|Any CPU
	EndGlobalSection
	GlobalSection(SolutionProperties) = preSolution
		HideSolutionNode = FALSE
	EndGlobalSection
	GlobalSection(ExtensibilityGlobals) = postSolution
		SolutionGuid = {F2AB520C-9BC3-4B96-8234-8D18BE873AE7}
	EndGlobalSection
EndGlobal
